
Microsoft Visual Studio Solution File, Format Version 12.00
# Visual Studio Version 17
VisualStudioVersion = 17.2.32526.322
MinimumVisualStudioVersion = 10.0.40219.1
Project("{8BC9CEB8-8B4A-11D0-8D11-00A0C91BC942}") = "ThreadPoolServerR", "ThreadPoolServerR\ThreadPoolServerR.vcxproj", "{6A9C8F99-3E2B-4B0B-AF62-0BE0EA4199F9}"
EndProject
Project("{8BC9CEB8-8B4A-11D0-8D11-00A0C91BC942}") = "ThreadPoolCliantR", "ThreadPoolCliantR\ThreadPoolCliantR.vcxproj", "{72E5EC77-B457-44CC-B69F-935153C2B588}"
EndProject
Project("{8BC9CEB8-8B4A-11D0-8D11-00A0C91BC942}") = "MemoryPool", "MemoryPool\MemoryPool.vcxproj", "{7E30E1C3-6A4F-469B-B86F-451876A08ABB}"
EndProject
Project("{8BC9CEB8-8B4A-11D0-8D11-00A0C91BC942}") = "TP", "TP\TP.vcxproj", "{25E3B361-385D-46FB-84DF-9AEC8FE33CB6}"
EndProject
Project("{8BC9CEB8-8B4A-11D0-8D11-00A0C91BC942}") = "SevOL", "SevOL\SevOL.vcxproj", "{1C120C26-686B-4EF2-9196-04250DC6C6C6}"
EndProject
Project("{8BC9CEB8-8B4A-11D0-8D11-00A0C91BC942}") = "RingBuf", "RingBuf\RingBuf.vcxproj", "{91B34713-B364-4B16-AAA2-E1F0918360E5}"
EndProject
Project("{8BC9CEB8-8B4A-11D0-8D11-00A0C91BC942}") = "SevPooll", "SevPoolling\SevPoolling.vcxproj", "{9142FBC2-A4A6-4C1E-8276-A32D33780604}"
EndProject
Project("{8BC9CEB8-8B4A-11D0-8D11-00A0C91BC942}") = "EchoOLSev", "EchoOLSev\EchoOLSev.vcxproj", "{7CC92AC0-F6A3-4DA6-A347-046BA3AEA760}"
EndProject
Project("{8BC9CEB8-8B4A-11D0-8D11-00A0C91BC942}") = "Roundrobin", "Roundrobin\Roundrobin.vcxproj", "{67D03091-0E48-49C8-A3A5-90808B90A2F3}"
EndProject
Project("{8BC9CEB8-8B4A-11D0-8D11-00A0C91BC942}") = "FrontSevEv", "FrontSevEv\FrontSevEv.vcxproj", "{CBA97524-7FCC-45EB-95F2-87EC150BBC6A}"
EndProject
Project("{8BC9CEB8-8B4A-11D0-8D11-00A0C91BC942}") = "EchoOLDelaySev", "EchoOLDelaySev\EchoOLDelaySev.vcxproj", "{C6DD3AED-45F3-4A2C-852E-273BA9131B8E}"
EndProject
Global
	GlobalSection(SolutionConfigurationPlatforms) = preSolution
		Debug|x64 = Debug|x64
		Debug|x86 = Debug|x86
		Release|x64 = Release|x64
		Release|x86 = Release|x86
	EndGlobalSection
	GlobalSection(ProjectConfigurationPlatforms) = postSolution
		{6A9C8F99-3E2B-4B0B-AF62-0BE0EA4199F9}.Debug|x64.ActiveCfg = Debug|x64
		{6A9C8F99-3E2B-4B0B-AF62-0BE0EA4199F9}.Debug|x64.Build.0 = Debug|x64
		{6A9C8F99-3E2B-4B0B-AF62-0BE0EA4199F9}.Debug|x86.ActiveCfg = Debug|Win32
		{6A9C8F99-3E2B-4B0B-AF62-0BE0EA4199F9}.Debug|x86.Build.0 = Debug|Win32
		{6A9C8F99-3E2B-4B0B-AF62-0BE0EA4199F9}.Release|x64.ActiveCfg = Release|x64
		{6A9C8F99-3E2B-4B0B-AF62-0BE0EA4199F9}.Release|x64.Build.0 = Release|x64
		{6A9C8F99-3E2B-4B0B-AF62-0BE0EA4199F9}.Release|x86.ActiveCfg = Release|Win32
		{6A9C8F99-3E2B-4B0B-AF62-0BE0EA4199F9}.Release|x86.Build.0 = Release|Win32
		{72E5EC77-B457-44CC-B69F-935153C2B588}.Debug|x64.ActiveCfg = Debug|x64
		{72E5EC77-B457-44CC-B69F-935153C2B588}.Debug|x64.Build.0 = Debug|x64
		{72E5EC77-B457-44CC-B69F-935153C2B588}.Debug|x86.ActiveCfg = Debug|Win32
		{72E5EC77-B457-44CC-B69F-935153C2B588}.Debug|x86.Build.0 = Debug|Win32
		{72E5EC77-B457-44CC-B69F-935153C2B588}.Release|x64.ActiveCfg = Release|x64
		{72E5EC77-B457-44CC-B69F-935153C2B588}.Release|x64.Build.0 = Release|x64
		{72E5EC77-B457-44CC-B69F-935153C2B588}.Release|x86.ActiveCfg = Release|Win32
		{72E5EC77-B457-44CC-B69F-935153C2B588}.Release|x86.Build.0 = Release|Win32
		{7E30E1C3-6A4F-469B-B86F-451876A08ABB}.Debug|x64.ActiveCfg = Debug|x64
		{7E30E1C3-6A4F-469B-B86F-451876A08ABB}.Debug|x86.ActiveCfg = Debug|Win32
		{7E30E1C3-6A4F-469B-B86F-451876A08ABB}.Release|x64.ActiveCfg = Release|x64
		{7E30E1C3-6A4F-469B-B86F-451876A08ABB}.Release|x86.ActiveCfg = Release|Win32
		{25E3B361-385D-46FB-84DF-9AEC8FE33CB6}.Debug|x64.ActiveCfg = Debug|x64
		{25E3B361-385D-46FB-84DF-9AEC8FE33CB6}.Debug|x86.ActiveCfg = Debug|Win32
		{25E3B361-385D-46FB-84DF-9AEC8FE33CB6}.Release|x64.ActiveCfg = Release|x64
		{25E3B361-385D-46FB-84DF-9AEC8FE33CB6}.Release|x86.ActiveCfg = Release|Win32
		{1C120C26-686B-4EF2-9196-04250DC6C6C6}.Debug|x64.ActiveCfg = Debug|x64
		{1C120C26-686B-4EF2-9196-04250DC6C6C6}.Debug|x64.Build.0 = Debug|x64
		{1C120C26-686B-4EF2-9196-04250DC6C6C6}.Debug|x86.ActiveCfg = Debug|Win32
		{1C120C26-686B-4EF2-9196-04250DC6C6C6}.Debug|x86.Build.0 = Debug|Win32
		{1C120C26-686B-4EF2-9196-04250DC6C6C6}.Release|x64.ActiveCfg = Release|x64
		{1C120C26-686B-4EF2-9196-04250DC6C6C6}.Release|x64.Build.0 = Release|x64
		{1C120C26-686B-4EF2-9196-04250DC6C6C6}.Release|x86.ActiveCfg = Release|Win32
		{1C120C26-686B-4EF2-9196-04250DC6C6C6}.Release|x86.Build.0 = Release|Win32
		{91B34713-B364-4B16-AAA2-E1F0918360E5}.Debug|x64.ActiveCfg = Debug|x64
		{91B34713-B364-4B16-AAA2-E1F0918360E5}.Debug|x64.Build.0 = Debug|x64
		{91B34713-B364-4B16-AAA2-E1F0918360E5}.Debug|x86.ActiveCfg = Debug|Win32
		{91B34713-B364-4B16-AAA2-E1F0918360E5}.Debug|x86.Build.0 = Debug|Win32
		{91B34713-B364-4B16-AAA2-E1F0918360E5}.Release|x64.ActiveCfg = Release|x64
		{91B34713-B364-4B16-AAA2-E1F0918360E5}.Release|x64.Build.0 = Release|x64
		{91B34713-B364-4B16-AAA2-E1F0918360E5}.Release|x86.ActiveCfg = Release|Win32
		{91B34713-B364-4B16-AAA2-E1F0918360E5}.Release|x86.Build.0 = Release|Win32
		{9142FBC2-A4A6-4C1E-8276-A32D33780604}.Debug|x64.ActiveCfg = Debug|x64
		{9142FBC2-A4A6-4C1E-8276-A32D33780604}.Debug|x64.Build.0 = Debug|x64
		{9142FBC2-A4A6-4C1E-8276-A32D33780604}.Debug|x86.ActiveCfg = Debug|Win32
		{9142FBC2-A4A6-4C1E-8276-A32D33780604}.Debug|x86.Build.0 = Debug|Win32
		{9142FBC2-A4A6-4C1E-8276-A32D33780604}.Release|x64.ActiveCfg = Release|x64
		{9142FBC2-A4A6-4C1E-8276-A32D33780604}.Release|x64.Build.0 = Release|x64
		{9142FBC2-A4A6-4C1E-8276-A32D33780604}.Release|x86.ActiveCfg = Release|Win32
		{9142FBC2-A4A6-4C1E-8276-A32D33780604}.Release|x86.Build.0 = Release|Win32
		{7CC92AC0-F6A3-4DA6-A347-046BA3AEA760}.Debug|x64.ActiveCfg = Debug|x64
		{7CC92AC0-F6A3-4DA6-A347-046BA3AEA760}.Debug|x64.Build.0 = Debug|x64
		{7CC92AC0-F6A3-4DA6-A347-046BA3AEA760}.Debug|x86.ActiveCfg = Debug|Win32
		{7CC92AC0-F6A3-4DA6-A347-046BA3AEA760}.Debug|x86.Build.0 = Debug|Win32
		{7CC92AC0-F6A3-4DA6-A347-046BA3AEA760}.Release|x64.ActiveCfg = Release|x64
		{7CC92AC0-F6A3-4DA6-A347-046BA3AEA760}.Release|x64.Build.0 = Release|x64
		{7CC92AC0-F6A3-4DA6-A347-046BA3AEA760}.Release|x86.ActiveCfg = Release|Win32
		{7CC92AC0-F6A3-4DA6-A347-046BA3AEA760}.Release|x86.Build.0 = Release|Win32
		{67D03091-0E48-49C8-A3A5-90808B90A2F3}.Debug|x64.ActiveCfg = Debug|x64
		{67D03091-0E48-49C8-A3A5-90808B90A2F3}.Debug|x64.Build.0 = Debug|x64
		{67D03091-0E48-49C8-A3A5-90808B90A2F3}.Debug|x86.ActiveCfg = Debug|Win32
		{67D03091-0E48-49C8-A3A5-90808B90A2F3}.Debug|x86.Build.0 = Debug|Win32
		{67D03091-0E48-49C8-A3A5-90808B90A2F3}.Release|x64.ActiveCfg = Release|x64
		{67D03091-0E48-49C8-A3A5-90808B90A2F3}.Release|x64.Build.0 = Release|x64
		{67D03091-0E48-49C8-A3A5-90808B90A2F3}.Release|x86.ActiveCfg = Release|Win32
		{67D03091-0E48-49C8-A3A5-90808B90A2F3}.Release|x86.Build.0 = Release|Win32
		{CBA97524-7FCC-45EB-95F2-87EC150BBC6A}.Debug|x64.ActiveCfg = Debug|x64
		{CBA97524-7FCC-45EB-95F2-87EC150BBC6A}.Debug|x64.Build.0 = Debug|x64
		{CBA97524-7FCC-45EB-95F2-87EC150BBC6A}.Debug|x86.ActiveCfg = Debug|Win32
		{CBA97524-7FCC-45EB-95F2-87EC150BBC6A}.Debug|x86.Build.0 = Debug|Win32
		{CBA97524-7FCC-45EB-95F2-87EC150BBC6A}.Release|x64.ActiveCfg = Release|x64
		{CBA97524-7FCC-45EB-95F2-87EC150BBC6A}.Release|x64.Build.0 = Release|x64
		{CBA97524-7FCC-45EB-95F2-87EC150BBC6A}.Release|x86.ActiveCfg = Release|Win32
		{CBA97524-7FCC-45EB-95F2-87EC150BBC6A}.Release|x86.Build.0 = Release|Win32
		{C6DD3AED-45F3-4A2C-852E-273BA9131B8E}.Debug|x64.ActiveCfg = Debug|x64
		{C6DD3AED-45F3-4A2C-852E-273BA9131B8E}.Debug|x64.Build.0 = Debug|x64
		{C6DD3AED-45F3-4A2C-852E-273BA9131B8E}.Debug|x86.ActiveCfg = Debug|Win32
		{C6DD3AED-45F3-4A2C-852E-273BA9131B8E}.Debug|x86.Build.0 = Debug|Win32
		{C6DD3AED-45F3-4A2C-852E-273BA9131B8E}.Release|x64.ActiveCfg = Release|x64
		{C6DD3AED-45F3-4A2C-852E-273BA9131B8E}.Release|x64.Build.0 = Release|x64
		{C6DD3AED-45F3-4A2C-852E-273BA9131B8E}.Release|x86.ActiveCfg = Release|Win32
		{C6DD3AED-45F3-4A2C-852E-273BA9131B8E}.Release|x86.Build.0 = Release|Win32
	EndGlobalSection
	GlobalSection(SolutionProperties) = preSolution
		HideSolutionNode = FALSE
	EndGlobalSection
	GlobalSection(ExtensibilityGlobals) = postSolution
		SolutionGuid = {A7EE3872-BE5D-42D2-95F4-9B6980AD8866}
	EndGlobalSection
EndGlobal
